# This file is automatically @generated by Cargo.
# It is not intended for manual editing.
version = 4

[[package]]
name = "gatherlink-crypto"
version = "0.1.0"

[[package]]
name = "gatherlink-dataplane"
version = "0.1.0"

[[package]]
name = "gatherlink-protocol"
version = "0.1.0"

[[package]]
name = "gatherlink-pybindings"
version = "0.1.0"

[[package]]
name = "gatherlink-time-helper"
version = "0.1.0"
